
Microsoft Visual Studio Solution File, Format Version 12.00
# Visual Studio Version 17
VisualStudioVersion = 17.14.36705.20 d17.14
MinimumVisualStudioVersion = 10.0.40219.1
Project("{FAE04EC0-301F-11D3-BF4B-00C04F79EFBC}") = "Coeden", "Coeden\Coeden.csproj", "{6389D037-6465-40C1-880D-A7E7440D8422}"
EndProject
Global
	GlobalSection(SolutionConfigurationPlatforms) = preSolution
		Debug|Any CPU = Debug|Any CPU
		Release|Any CPU = Release|Any CPU
	EndGlobalSection
	GlobalSection(ProjectConfigurationPlatforms) = postSolution
		{6389D037-6465-40C1-880D-A7E7440D8422}.Debug|Any CPU.ActiveCfg = Debug|Any CPU
		{6389D037-6465-40C1-880D-A7E7440D8422}.Debug|Any CPU.Build.0 = Debug|Any CPU
		{6389D037-6465-40C1-880D-A7E7440D8422}.Release|Any CPU.ActiveCfg = Release|Any CPU
		{6389D037-6465-40C1-880D-A7E7440D8422}.Release|Any CPU.Build.0 = Release|Any CPU
	EndGlobalSection
	GlobalSection(SolutionProperties) = preSolution
		HideSolutionNode = FALSE
	EndGlobalSection
	GlobalSection(ExtensibilityGlobals) = postSolution
		SolutionGuid = {AF002E12-D45E-4309-9E4F-0F498508F25F}
	EndGlobalSection
EndGlobal
